
Microsoft Visual Studio Solution File, Format Version 12.00
# Visual Studio Version 16
VisualStudioVersion = 16.0.31005.135
MinimumVisualStudioVersion = 10.0.40219.1
Project("{FAE04EC0-301F-11D3-BF4B-00C04F79EFBC}") = "GC_Lab_DotNet_Countries", "GC_Lab_DotNet_Countries\GC_Lab_DotNet_Countries.csproj", "{6EE12EBC-718E-482D-8D4D-BAE53FA1B314}"
EndProject
Global
	GlobalSection(SolutionConfigurationPlatforms) = preSolution
		Debug|Any CPU = Debug|Any CPU
		Release|Any CPU = Release|Any CPU
	EndGlobalSection
	GlobalSection(ProjectConfigurationPlatforms) = postSolution
		{6EE12EBC-718E-482D-8D4D-BAE53FA1B314}.Debug|Any CPU.ActiveCfg = Debug|Any CPU
		{6EE12EBC-718E-482D-8D4D-BAE53FA1B314}.Debug|Any CPU.Build.0 = Debug|Any CPU
		{6EE12EBC-718E-482D-8D4D-BAE53FA1B314}.Release|Any CPU.ActiveCfg = Release|Any CPU
		{6EE12EBC-718E-482D-8D4D-BAE53FA1B314}.Release|Any CPU.Build.0 = Release|Any CPU
	EndGlobalSection
	GlobalSection(SolutionProperties) = preSolution
		HideSolutionNode = FALSE
	EndGlobalSection
	GlobalSection(ExtensibilityGlobals) = postSolution
		SolutionGuid = {270F828D-2FB6-44B7-B6AB-141FEABA552F}
	EndGlobalSection
EndGlobal
